{
  "name": "test-installation",
  "version": "1.0.0",
  "lockfileVersion": 3,
  "requires": true,
  "packages": {
    "": {
      "name": "test-installation",
      "version": "1.0.0",
      "license": "ISC",
      "dependencies": {
        "@SukratUbha/klinecharts": "file:../SukratUbha-klinecharts-10.0.0-alpha9.1.tgz"
      }
    },
    "node_modules/@SukratUbha/klinecharts": {
      "version": "10.0.0-alpha9.1",
      "resolved": "file:../SukratUbha-klinecharts-10.0.0-alpha9.1.tgz",
      "integrity": "sha512-ZUDl04mnPsOa35jiujUaDor4y3lEz6s78+VsNugeT/MMPslohlgCDWpnJugqCcTW43+msNvEhkUMq3P+xLQZ5Q==",
      "license": "Apache-2.0"
    }
  }
}
